
Microsoft Visual Studio Solution File, Format Version 12.00
# Visual Studio Version 17
VisualStudioVersion = 17.14.36603.0 d17.14
MinimumVisualStudioVersion = 10.0.40219.1
Project("{FAE04EC0-301F-11D3-BF4B-00C04F79EFBC}") = "BT", "BT.csproj", "{15597569-8D7E-46C2-99FE-E0256349F331}"
EndProject
Global
	GlobalSection(SolutionConfigurationPlatforms) = preSolution
		Debug|Any CPU = Debug|Any CPU
		Release|Any CPU = Release|Any CPU
	EndGlobalSection
	GlobalSection(ProjectConfigurationPlatforms) = postSolution
		{15597569-8D7E-46C2-99FE-E0256349F331}.Debug|Any CPU.ActiveCfg = Debug|Any CPU
		{15597569-8D7E-46C2-99FE-E0256349F331}.Debug|Any CPU.Build.0 = Debug|Any CPU
		{15597569-8D7E-46C2-99FE-E0256349F331}.Release|Any CPU.ActiveCfg = Release|Any CPU
		{15597569-8D7E-46C2-99FE-E0256349F331}.Release|Any CPU.Build.0 = Release|Any CPU
	EndGlobalSection
	GlobalSection(SolutionProperties) = preSolution
		HideSolutionNode = FALSE
	EndGlobalSection
	GlobalSection(ExtensibilityGlobals) = postSolution
		SolutionGuid = {539BE894-C5FE-4672-9C85-00341DB97906}
	EndGlobalSection
EndGlobal
