
Microsoft Visual Studio Solution File, Format Version 12.00
# Visual Studio Version 17
VisualStudioVersion = 17.14.36429.23 d17.14
MinimumVisualStudioVersion = 10.0.40219.1
Project("{FAE04EC0-301F-11D3-BF4B-00C04F79EFBC}") = "ChatGPT Playground", "ChatGPT Playground.csproj", "{39FED6D3-1060-41D8-8BB1-897E8B59949D}"
EndProject
Global
	GlobalSection(SolutionConfigurationPlatforms) = preSolution
		Debug|Any CPU = Debug|Any CPU
		Release|Any CPU = Release|Any CPU
	EndGlobalSection
	GlobalSection(ProjectConfigurationPlatforms) = postSolution
		{39FED6D3-1060-41D8-8BB1-897E8B59949D}.Debug|Any CPU.ActiveCfg = Debug|Any CPU
		{39FED6D3-1060-41D8-8BB1-897E8B59949D}.Debug|Any CPU.Build.0 = Debug|Any CPU
		{39FED6D3-1060-41D8-8BB1-897E8B59949D}.Release|Any CPU.ActiveCfg = Release|Any CPU
		{39FED6D3-1060-41D8-8BB1-897E8B59949D}.Release|Any CPU.Build.0 = Release|Any CPU
	EndGlobalSection
	GlobalSection(SolutionProperties) = preSolution
		HideSolutionNode = FALSE
	EndGlobalSection
	GlobalSection(ExtensibilityGlobals) = postSolution
		SolutionGuid = {78F36DA6-EA7F-4DB1-8BAF-8F5116591BBB}
	EndGlobalSection
EndGlobal
