
Microsoft Visual Studio Solution File, Format Version 12.00
# Visual Studio Version 17
VisualStudioVersion = 17.14.36603.0 d17.14
MinimumVisualStudioVersion = 10.0.40219.1
Project("{FAE04EC0-301F-11D3-BF4B-00C04F79EFBC}") = "24520922_BTLT03", "24520922_BTLT03.csproj", "{CEAC5138-C382-4162-8E92-C37A8C0AD647}"
EndProject
Global
	GlobalSection(SolutionConfigurationPlatforms) = preSolution
		Debug|Any CPU = Debug|Any CPU
		Release|Any CPU = Release|Any CPU
	EndGlobalSection
	GlobalSection(ProjectConfigurationPlatforms) = postSolution
		{CEAC5138-C382-4162-8E92-C37A8C0AD647}.Debug|Any CPU.ActiveCfg = Debug|Any CPU
		{CEAC5138-C382-4162-8E92-C37A8C0AD647}.Debug|Any CPU.Build.0 = Debug|Any CPU
		{CEAC5138-C382-4162-8E92-C37A8C0AD647}.Release|Any CPU.ActiveCfg = Release|Any CPU
		{CEAC5138-C382-4162-8E92-C37A8C0AD647}.Release|Any CPU.Build.0 = Release|Any CPU
	EndGlobalSection
	GlobalSection(SolutionProperties) = preSolution
		HideSolutionNode = FALSE
	EndGlobalSection
	GlobalSection(ExtensibilityGlobals) = postSolution
		SolutionGuid = {8969A8CF-06FA-4931-85DB-365E233FA486}
	EndGlobalSection
EndGlobal
